<?xml version="1.0" encoding="utf-8"?>
<Project ToolsVersion="4.0" xmlns="http://schemas.microsoft.com/developer/msbuild/2003">
  <ItemGroup>
    <Filter Include="源文件">
      <UniqueIdentifier>{4FC737F1-C7A5-4376-A066-2A32D752A2FF}</UniqueIdentifier>
      <Extensions>cpp;c;cc;cxx;def;odl;idl;hpj;bat;asm;asmx</Extensions>
    </Filter>
    <Filter Include="头文件">
      <UniqueIdentifier>{93995380-89BD-4b04-88EB-625FBE52EBFB}</UniqueIdentifier>
      <Extensions>h;hpp;hxx;hm;inl;inc;xsd</Extensions>
    </Filter>
    <Filter Include="资源文件">
      <UniqueIdentifier>{67DA6AB6-F800-4c08-8B7A-83BB121AAD01}</UniqueIdentifier>
      <Extensions>rc;ico;cur;bmp;dlg;rc2;rct;bin;rgs;gif;jpg;jpeg;jpe;resx;tiff;tif;png;wav;mfcribbon-ms</Extensions>
    </Filter>
    <Filter Include="common">
      <UniqueIdentifier>{f3751003-f00c-4730-8c62-b0dbe9873eb4}</UniqueIdentifier>
    </Filter>
    <Filter Include="network">
      <UniqueIdentifier>{7e250290-d5fe-407e-9ae0-b57164efcf8f}</UniqueIdentifier>
    </Filter>
    <Filter Include="json">
      <UniqueIdentifier>{f41639d1-3939-4eef-8c4a-aba58c48a723}</UniqueIdentifier>
    </Filter>
    <Filter Include="enc">
      <UniqueIdentifier>{cad855f4-4b5b-4234-8398-15b0d60946a9}</UniqueIdentifier>
    </Filter>
  </ItemGroup>
  <ItemGroup>
    <None Include="ReadMe.txt" />
    <None Include="res\TestMsgClient.rc2">
      <Filter>资源文件</Filter>
    </None>
    <None Include="res\TestMsgClient.ico">
      <Filter>资源文件</Filter>
    </None>
  </ItemGroup>
  <ItemGroup>
    <ClInclude Include="TestMsgClient.h">
      <Filter>头文件</Filter>
    </ClInclude>
    <ClInclude Include="TestMsgClientDlg.h">
      <Filter>头文件</Filter>
    </ClInclude>
    <ClInclude Include="stdafx.h">
      <Filter>头文件</Filter>
    </ClInclude>
    <ClInclude Include="targetver.h">
      <Filter>头文件</Filter>
    </ClInclude>
    <ClInclude Include="Resource.h">
      <Filter>头文件</Filter>
    </ClInclude>
    <ClInclude Include="..\common\console.h">
      <Filter>common</Filter>
    </ClInclude>
    <ClInclude Include="..\common\singleton.h">
      <Filter>common</Filter>
    </ClInclude>
    <ClInclude Include="..\libs\enc\miniCrypt.h">
      <Filter>enc</Filter>
    </ClInclude>
    <ClInclude Include="..\libs\enc\zEncDec.h">
      <Filter>enc</Filter>
    </ClInclude>
    <ClInclude Include="..\common\command.h">
      <Filter>common</Filter>
    </ClInclude>
    <ClInclude Include="..\libs\network\MSAutoReleasePool.h">
      <Filter>network</Filter>
    </ClInclude>
    <ClInclude Include="..\libs\network\SocketClient.h">
      <Filter>network</Filter>
    </ClInclude>
    <ClInclude Include="..\libs\network\SocketManager.h">
      <Filter>network</Filter>
    </ClInclude>
    <ClInclude Include="..\libs\network\Util.h">
      <Filter>network</Filter>
    </ClInclude>
    <ClInclude Include="..\libs\network\ByteBuffer.h">
      <Filter>network</Filter>
    </ClInclude>
    <ClInclude Include="..\libs\network\message.h">
      <Filter>network</Filter>
    </ClInclude>
    <ClInclude Include="..\libs\network\MessageHandler.h">
      <Filter>network</Filter>
    </ClInclude>
    <ClInclude Include="..\libs\network\MessageQueue.h">
      <Filter>network</Filter>
    </ClInclude>
  </ItemGroup>
  <ItemGroup>
    <ClCompile Include="TestMsgClient.cpp">
      <Filter>源文件</Filter>
    </ClCompile>
    <ClCompile Include="TestMsgClientDlg.cpp">
      <Filter>源文件</Filter>
    </ClCompile>
    <ClCompile Include="stdafx.cpp">
      <Filter>源文件</Filter>
    </ClCompile>
    <ClCompile Include="..\common\console.cpp">
      <Filter>common</Filter>
    </ClCompile>
    <ClCompile Include="..\libs\network\Util.cpp">
      <Filter>network</Filter>
    </ClCompile>
    <ClCompile Include="..\libs\network\ByteBuffer.cpp">
      <Filter>network</Filter>
    </ClCompile>
    <ClCompile Include="..\libs\network\message.cpp">
      <Filter>network</Filter>
    </ClCompile>
    <ClCompile Include="..\libs\network\MessageQueue.cpp">
      <Filter>network</Filter>
    </ClCompile>
    <ClCompile Include="..\libs\network\SocketClient.cpp">
      <Filter>network</Filter>
    </ClCompile>
    <ClCompile Include="..\libs\network\SocketManager.cpp">
      <Filter>network</Filter>
    </ClCompile>
    <ClCompile Include="..\libs\json\src\lib_json\json_writer.cpp">
      <Filter>json</Filter>
    </ClCompile>
    <ClCompile Include="..\libs\json\src\lib_json\json_reader.cpp">
      <Filter>json</Filter>
    </ClCompile>
    <ClCompile Include="..\libs\json\src\lib_json\json_value.cpp">
      <Filter>json</Filter>
    </ClCompile>
    <ClCompile Include="..\libs\enc\miniCrypt.c">
      <Filter>enc</Filter>
    </ClCompile>
    <ClCompile Include="..\libs\enc\zEncDec.cpp">
      <Filter>enc</Filter>
    </ClCompile>
  </ItemGroup>
  <ItemGroup>
    <ResourceCompile Include="TestMsgClient.rc">
      <Filter>资源文件</Filter>
    </ResourceCompile>
  </ItemGroup>
</Project>